// !$*UTF8*$!
{
	archiveVersion = 1;
	classes = {
	};
	objectVersion = 46;
	objects = {

/* Begin PBXBuildFile section */
		B4A852CB1AA35DA000CE8D6D /* AppDelegate.swift in Sources */ = {isa = PBXBuildFile; fileRef = B4A852CA1AA35DA000CE8D6D /* AppDelegate.swift */; };
		B4A852CD1AA35DA000CE8D6D /* ViewController.swift in Sources */ = {isa = PBXBuildFile; fileRef = B4A852CC1AA35DA000CE8D6D /* ViewController.swift */; };
		B4A852D01AA35DA000CE8D6D /* Main.storyboard in Resources */ = {isa = PBXBuildFile; fileRef = B4A852CE1AA35DA000CE8D6D /* Main.storyboard */; };
		B4A852D21AA35DA000CE8D6D /* Images.xcassets in Resources */ = {isa = PBXBuildFile; fileRef = B4A852D11AA35DA000CE8D6D /* Images.xcassets */; };
		B4A852D51AA35DA000CE8D6D /* LaunchScreen.xib in Resources */ = {isa = PBXBuildFile; fileRef = B4A852D31AA35DA000CE8D6D /* LaunchScreen.xib */; };
		B4A852E11AA35DA100CE8D6D /* RGB_SlidersTests.swift in Sources */ = {isa = PBXBuildFile; fileRef = B4A852E01AA35DA100CE8D6D /* RGB_SlidersTests.swift */; };
/* End PBXBuildFile section */

/* Begin PBXContainerItemProxy section */
		B4A852DB1AA35DA000CE8D6D /* PBXContainerItemProxy */ = {
			isa = PBXContainerItemProxy;
			containerPortal = B4A852BD1AA35DA000CE8D6D /* Project object */;
			proxyType = 1;
			remoteGlobalIDString = B4A852C41AA35DA000CE8D6D;
			remoteInfo = "RGB Sliders";
		};
/* End PBXContainerItemProxy section */

/* Begin PBXFileReference section */
		B4A852C51AA35DA000CE8D6D /* RGB Sliders.app */ = {isa = PBXFileReference; explicitFileType = wrapper.application; includeInIndex = 0; path = "RGB Sliders.app"; sourceTree = BUILT_PRODUCTS_DIR; };
		B4A852C91AA35DA000CE8D6D /* Info.plist */ = {isa = PBXFileReference; lastKnownFileType = text.plist.xml; path = Info.plist; sourceTree = "<group>"; };
		B4A852CA1AA35DA000CE8D6D /* AppDelegate.swift */ = {isa = PBXFileReference; lastKnownFileType = sourcecode.swift; path = AppDelegate.swift; sourceTree = "<group>"; };
		B4A852CC1AA35DA000CE8D6D /* ViewController.swift */ = {isa = PBXFileReference; lastKnownFileType = sourcecode.swift; path = ViewController.swift; sourceTree = "<group>"; };
		B4A852CF1AA35DA000CE8D6D /* Base */ = {isa = PBXFileReference; lastKnownFileType = file.storyboard; name = Base; path = Base.lproj/Main.storyboard; sourceTree = "<group>"; };
		B4A852D11AA35DA000CE8D6D /* Images.xcassets */ = {isa = PBXFileReference; lastKnownFileType = folder.assetcatalog; path = Images.xcassets; sourceTree = "<group>"; };
		B4A852D41AA35DA000CE8D6D /* Base */ = {isa = PBXFileReference; lastKnownFileType = file.xib; name = Base; path = Base.lproj/LaunchScreen.xib; sourceTree = "<group>"; };
		B4A852DA1AA35DA000CE8D6D /* RGB SlidersTests.xctest */ = {isa = PBXFileReference; explicitFileType = wrapper.cfbundle; includeInIndex = 0; path = "RGB SlidersTests.xctest"; sourceTree = BUILT_PRODUCTS_DIR; };
		B4A852DF1AA35DA100CE8D6D /* Info.plist */ = {isa = PBXFileReference; lastKnownFileType = text.plist.xml; path = Info.plist; sourceTree = "<group>"; };
		B4A852E01AA35DA100CE8D6D /* RGB_SlidersTests.swift */ = {isa = PBXFileReference; lastKnownFileType = sourcecode.swift; path = RGB_SlidersTests.swift; sourceTree = "<group>"; };
/* End PBXFileReference section */

/* Begin PBXFrameworksBuildPhase section */
		B4A852C21AA35DA000CE8D6D /* Frameworks */ = {
			isa = PBXFrameworksBuildPhase;
			buildActionMask = 2147483647;
			files = (
			);
			runOnlyForDeploymentPostprocessing = 0;
		};
		B4A852D71AA35DA000CE8D6D /* Frameworks */ = {
			isa = PBXFrameworksBuildPhase;
			buildActionMask = 2147483647;
			files = (
			);
			runOnlyForDeploymentPostprocessing = 0;
		};
/* End PBXFrameworksBuildPhase section */

/* Begin PBXGroup section */
		B4A852BC1AA35DA000CE8D6D = {
			isa = PBXGroup;
			children = (
				B4A852C71AA35DA000CE8D6D /* RGB Sliders */,
				B4A852DD1AA35DA100CE8D6D /* RGB SlidersTests */,
				B4A852C61AA35DA000CE8D6D /* Products */,
			);
			sourceTree = "<group>";
		};
		B4A852C61AA35DA000CE8D6D /* Products */ = {
			isa = PBXGroup;
			children = (
				B4A852C51AA35DA000CE8D6D /* RGB Sliders.app */,
				B4A852DA1AA35DA000CE8D6D /* RGB SlidersTests.xctest */,
			);
			name = Products;
			sourceTree = "<group>";
		};
		B4A852C71AA35DA000CE8D6D /* RGB Sliders */ = {
			isa = PBXGroup;
			children = (
				B4A852CA1AA35DA000CE8D6D /* AppDelegate.swift */,
				B4A852CC1AA35DA000CE8D6D /* ViewController.swift */,
				B4A852CE1AA35DA000CE8D6D /* Main.storyboard */,
				B4A852D11AA35DA000CE8D6D /* Images.xcassets */,
				B4A852D31AA35DA000CE8D6D /* LaunchScreen.xib */,
				B4A852C81AA35DA000CE8D6D /* Supporting Files */,
			);
			path = "RGB Sliders";
			sourceTree = "<group>";
		};
		B4A852C81AA35DA000CE8D6D /* Supporting Files */ = {
			isa = PBXGroup;
			children = (
				B4A852C91AA35DA000CE8D6D /* Info.plist */,
			);
			name = "Supporting Files";
			sourceTree = "<group>";
		};
		B4A852DD1AA35DA100CE8D6D /* RGB SlidersTests */ = {
			isa = PBXGroup;
			children = (
				B4A852E01AA35DA100CE8D6D /* RGB_SlidersTests.swift */,
				B4A852DE1AA35DA100CE8D6D /* Supporting Files */,
			);
			path = "RGB SlidersTests";
			sourceTree = "<group>";
		};
		B4A852DE1AA35DA100CE8D6D /* Supporting Files */ = {
			isa = PBXGroup;
			children = (
				B4A852DF1AA35DA100CE8D6D /* Info.plist */,
			);
			name = "Supporting Files";
			sourceTree = "<group>";
		};
/* End PBXGroup section */

/* Begin PBXNativeTarget section */
		B4A852C41AA35DA000CE8D6D /* RGB Sliders */ = {
			isa = PBXNativeTarget;
			buildConfigurationList = B4A852E41AA35DA100CE8D6D /* Build configuration list for PBXNativeTarget "RGB Sliders" */;
			buildPhases = (
				B4A852C11AA35DA000CE8D6D /* Sources */,
				B4A852C21AA35DA000CE8D6D /* Frameworks */,
				B4A852C31AA35DA000CE8D6D /* Resources */,
			);
			buildRules = (
			);
			dependencies = (
			);
			name = "RGB Sliders";
			productName = "RGB Sliders";
			productReference = B4A852C51AA35DA000CE8D6D /* RGB Sliders.app */;
			productType = "com.apple.product-type.application";
		};
		B4A852D91AA35DA000CE8D6D /* RGB SlidersTests */ = {
			isa = PBXNativeTarget;
			buildConfigurationList = B4A852E71AA35DA100CE8D6D /* Build configuration list for PBXNativeTarget "RGB SlidersTests" */;
			buildPhases = (
				B4A852D61AA35DA000CE8D6D /* Sources */,
				B4A852D71AA35DA000CE8D6D /* Frameworks */,
				B4A852D81AA35DA000CE8D6D /* Resources */,
			);
			buildRules = (
			);
			dependencies = (
				B4A852DC1AA35DA000CE8D6D /* PBXTargetDependency */,
			);
			name = "RGB SlidersTests";
			productName = "RGB SlidersTests";
			productReference = B4A852DA1AA35DA000CE8D6D /* RGB SlidersTests.xctest */;
			productType = "com.apple.product-type.bundle.unit-test";
		};
/* End PBXNativeTarget section */

/* Begin PBXProject section */
		B4A852BD1AA35DA000CE8D6D /* Project object */ = {
			isa = PBXProject;
			attributes = {
				LastUpgradeCheck = 0610;
				ORGANIZATIONNAME = DominikaBienkowska;
				TargetAttributes = {
					B4A852C41AA35DA000CE8D6D = {
						CreatedOnToolsVersion = 6.1.1;
					};
					B4A852D91AA35DA000CE8D6D = {
						CreatedOnToolsVersion = 6.1.1;
						TestTargetID = B4A852C41AA35DA000CE8D6D;
					};
				};
			};
			buildConfigurationList = B4A852C01AA35DA000CE8D6D /* Build configuration list for PBXProject "RGB Sliders" */;
			compatibilityVersion = "Xcode 3.2";
			developmentRegion = English;
			hasScannedForEncodings = 0;
			knownRegions = (
				en,
				Base,
			);
			mainGroup = B4A852BC1AA35DA000CE8D6D;
			productRefGroup = B4A852C61AA35DA000CE8D6D /* Products */;
			projectDirPath = "";
			projectRoot = "";
			targets = (
				B4A852C41AA35DA000CE8D6D /* RGB Sliders */,
				B4A852D91AA35DA000CE8D6D /* RGB SlidersTests */,
			);
		};
/* End PBXProject section */

/* Begin PBXResourcesBuildPhase section */
		B4A852C31AA35DA000CE8D6D /* Resources */ = {
			isa = PBXResourcesBuildPhase;
			buildActionMask = 2147483647;
			files = (
				B4A852D01AA35DA000CE8D6D /* Main.storyboard in Resources */,
				B4A852D51AA35DA000CE8D6D /* LaunchScreen.xib in Resources */,
				B4A852D21AA35DA000CE8D6D /* Images.xcassets in Resources */,
			);
			runOnlyForDeploymentPostprocessing = 0;
		};
		B4A852D81AA35DA000CE8D6D /* Resources */ = {
			isa = PBXResourcesBuildPhase;
			buildActionMask = 2147483647;
			files = (
			);
			runOnlyForDeploymentPostprocessing = 0;
		};
/* End PBXResourcesBuildPhase section */

/* Begin PBXSourcesBuildPhase section */
		B4A852C11AA35DA000CE8D6D /* Sources */ = {
			isa = PBXSourcesBuildPhase;
			buildActionMask = 2147483647;
			files = (
				B4A852CD1AA35DA000CE8D6D /* ViewController.swift in Sources */,
				B4A852CB1AA35DA000CE8D6D /* AppDelegate.swift in Sources */,
			);
			runOnlyForDeploymentPostprocessing = 0;
		};
		B4A852D61AA35DA000CE8D6D /* Sources */ = {
			isa = PBXSourcesBuildPhase;
			buildActionMask = 2147483647;
			files = (
				B4A852E11AA35DA100CE8D6D /* RGB_SlidersTests.swift in Sources */,
			);
			runOnlyForDeploymentPostprocessing = 0;
		};
/* End PBXSourcesBuildPhase section */

/* Begin PBXTargetDependency section */
		B4A852DC1AA35DA000CE8D6D /* PBXTargetDependency */ = {
			isa = PBXTargetDependency;
			target = B4A852C41AA35DA000CE8D6D /* RGB Sliders */;
			targetProxy = B4A852DB1AA35DA000CE8D6D /* PBXContainerItemProxy */;
		};
/* End PBXTargetDependency section */

/* Begin PBXVariantGroup section */
		B4A852CE1AA35DA000CE8D6D /* Main.storyboard */ = {
			isa = PBXVariantGroup;
			children = (
				B4A852CF1AA35DA000CE8D6D /* Base */,
			);
			name = Main.storyboard;
			sourceTree = "<group>";
		};
		B4A852D31AA35DA000CE8D6D /* LaunchScreen.xib */ = {
			isa = PBXVariantGroup;
			children = (
				B4A852D41AA35DA000CE8D6D /* Base */,
			);
			name = LaunchScreen.xib;
			sourceTree = "<group>";
		};
/* End PBXVariantGroup section */

/* Begin XCBuildConfiguration section */
		B4A852E21AA35DA100CE8D6D /* Debug */ = {
			isa = XCBuildConfiguration;
			buildSettings = {
				ALWAYS_SEARCH_USER_PATHS = NO;
				CLANG_CXX_LANGUAGE_STANDARD = "gnu++0x";
				CLANG_CXX_LIBRARY = "libc++";
				CLANG_ENABLE_MODULES = YES;
				CLANG_ENABLE_OBJC_ARC = YES;
				CLANG_WARN_BOOL_CONVERSION = YES;
				CLANG_WARN_CONSTANT_CONVERSION = YES;
				CLANG_WARN_DIRECT_OBJC_ISA_USAGE = YES_ERROR;
				CLANG_WARN_EMPTY_BODY = YES;
				CLANG_WARN_ENUM_CONVERSION = YES;
				CLANG_WARN_INT_CONVERSION = YES;
				CLANG_WARN_OBJC_ROOT_CLASS = YES_ERROR;
				CLANG_WARN_UNREACHABLE_CODE = YES;
				CLANG_WARN__DUPLICATE_METHOD_MATCH = YES;
				"CODE_SIGN_IDENTITY[sdk=iphoneos*]" = "iPhone Developer";
				COPY_PHASE_STRIP = NO;
				ENABLE_STRICT_OBJC_MSGSEND = YES;
				GCC_C_LANGUAGE_STANDARD = gnu99;
				GCC_DYNAMIC_NO_PIC = NO;
				GCC_OPTIMIZATION_LEVEL = 0;
				GCC_PREPROCESSOR_DEFINITIONS = (
					"DEBUG=1",
					"$(inherited)",
				);
				GCC_SYMBOLS_PRIVATE_EXTERN = NO;
				GCC_WARN_64_TO_32_BIT_CONVERSION = YES;
				GCC_WARN_ABOUT_RETURN_TYPE = YES_ERROR;
				GCC_WARN_UNDECLARED_SELECTOR = YES;
				GCC_WARN_UNINITIALIZED_AUTOS = YES_AGGRESSIVE;
				GCC_WARN_UNUSED_FUNCTION = YES;
				GCC_WARN_UNUSED_VARIABLE = YES;
				IPHONEOS_DEPLOYMENT_TARGET = 8.1;
				MTL_ENABLE_DEBUG_INFO = YES;
				ONLY_ACTIVE_ARCH = YES;
				SDKROOT = iphoneos;
				SWIFT_OPTIMIZATION_LEVEL = "-Onone";
			};
			name = Debug;
		};
		B4A852E31AA35DA100CE8D6D /* Release */ = {
			isa = XCBuildConfiguration;
			buildSettings = {
				ALWAYS_SEARCH_USER_PATHS = NO;
				CLANG_CXX_LANGUAGE_STANDARD = "gnu++0x";
				CLANG_CXX_LIBRARY = "libc++";
				CLANG_ENABLE_MODULES = YES;
				CLANG_ENABLE_OBJC_ARC = YES;
				CLANG_WARN_BOOL_CONVERSION = YES;
				CLANG_WARN_CONSTANT_CONVERSION = YES;
				CLANG_WARN_DIRECT_OBJC_ISA_USAGE = YES_ERROR;
				CLANG_WARN_EMPTY_BODY = YES;
				CLANG_WARN_ENUM_CONVERSION = YES;
				CLANG_WARN_INT_CONVERSION = YES;
				CLANG_WARN_OBJC_ROOT_CLASS = YES_ERROR;
				CLANG_WARN_UNREACHABLE_CODE = YES;
				CLANG_WARN__DUPLICATE_METHOD_MATCH = YES;
				"CODE_SIGN_IDENTITY[sdk=iphoneos*]" = "iPhone Developer";
				COPY_PHASE_STRIP = YES;
				ENABLE_NS_ASSERTIONS = NO;
				ENABLE_STRICT_OBJC_MSGSEND = YES;
				GCC_C_LANGUAGE_STANDARD = gnu99;
				GCC_WARN_64_TO_32_BIT_CONVERSION = YES;
				GCC_WARN_ABOUT_RETURN_TYPE = YES_ERROR;
				GCC_WARN_UNDECLARED_SELECTOR = YES;
				GCC_WARN_UNINITIALIZED_AUTOS = YES_AGGRESSIVE;
				GCC_WARN_UNUSED_FUNCTION = YES;
				GCC_WARN_UNUSED_VARIABLE = YES;
				IPHONEOS_DEPLOYMENT_TARGET = 8.1;
				MTL_ENABLE_DEBUG_INFO = NO;
				SDKROOT = iphoneos;
				VALIDATE_PRODUCT = YES;
			};
			name = Release;
		};
		B4A852E51AA35DA100CE8D6D /* Debug */ = {
			isa = XCBuildConfiguration;
			buildSettings = {
				ASSETCATALOG_COMPILER_APPICON_NAME = AppIcon;
				INFOPLIST_FILE = "RGB Sliders/Info.plist";
				LD_RUNPATH_SEARCH_PATHS = "$(inherited) @executable_path/Frameworks";
				PRODUCT_NAME = "$(TARGET_NAME)";
			};
			name = Debug;
		};
		B4A852E61AA35DA100CE8D6D /* Release */ = {
			isa = XCBuildConfiguration;
			buildSettings = {
				ASSETCATALOG_COMPILER_APPICON_NAME = AppIcon;
				INFOPLIST_FILE = "RGB Sliders/Info.plist";
				LD_RUNPATH_SEARCH_PATHS = "$(inherited) @executable_path/Frameworks";
				PRODUCT_NAME = "$(TARGET_NAME)";
			};
			name = Release;
		};
		B4A852E81AA35DA100CE8D6D /* Debug */ = {
			isa = XCBuildConfiguration;
			buildSettings = {
				BUNDLE_LOADER = "$(TEST_HOST)";
				FRAMEWORK_SEARCH_PATHS = (
					"$(SDKROOT)/Developer/Library/Frameworks",
					"$(inherited)",
				);
				GCC_PREPROCESSOR_DEFINITIONS = (
					"DEBUG=1",
					"$(inherited)",
				);
				INFOPLIST_FILE = "RGB SlidersTests/Info.plist";
				LD_RUNPATH_SEARCH_PATHS = "$(inherited) @executable_path/Frameworks @loader_path/Frameworks";
				PRODUCT_NAME = "$(TARGET_NAME)";
				TEST_HOST = "$(BUILT_PRODUCTS_DIR)/RGB Sliders.app/RGB Sliders";
			};
			name = Debug;
		};
		B4A852E91AA35DA100CE8D6D /* Release */ = {
			isa = XCBuildConfiguration;
			buildSettings = {
				BUNDLE_LOADER = "$(TEST_HOST)";
				FRAMEWORK_SEARCH_PATHS = (
					"$(SDKROOT)/Developer/Library/Frameworks",
					"$(inherited)",
				);
				INFOPLIST_FILE = "RGB SlidersTests/Info.plist";
				LD_RUNPATH_SEARCH_PATHS = "$(inherited) @executable_path/Frameworks @loader_path/Frameworks";
				PRODUCT_NAME = "$(TARGET_NAME)";
				TEST_HOST = "$(BUILT_PRODUCTS_DIR)/RGB Sliders.app/RGB Sliders";
			};
			name = Release;
		};
/* End XCBuildConfiguration section */

/* Begin XCConfigurationList section */
		B4A852C01AA35DA000CE8D6D /* Build configuration list for PBXProject "RGB Sliders" */ = {
			isa = XCConfigurationList;
			buildConfigurations = (
				B4A852E21AA35DA100CE8D6D /* Debug */,
				B4A852E31AA35DA100CE8D6D /* Release */,
			);
			defaultConfigurationIsVisible = 0;
			defaultConfigurationName = Release;
		};
		B4A852E41AA35DA100CE8D6D /* Build configuration list for PBXNativeTarget "RGB Sliders" */ = {
			isa = XCConfigurationList;
			buildConfigurations = (
				B4A852E51AA35DA100CE8D6D /* Debug */,
				B4A852E61AA35DA100CE8D6D /* Release */,
			);
			defaultConfigurationIsVisible = 0;
		};
		B4A852E71AA35DA100CE8D6D /* Build configuration list for PBXNativeTarget "RGB SlidersTests" */ = {
			isa = XCConfigurationList;
			buildConfigurations = (
				B4A852E81AA35DA100CE8D6D /* Debug */,
				B4A852E91AA35DA100CE8D6D /* Release */,
			);
			defaultConfigurationIsVisible = 0;
		};
/* End XCConfigurationList section */
	};
	rootObject = B4A852BD1AA35DA000CE8D6D /* Project object */;
}
